// !$*UTF8*$!
{
	archiveVersion = 1;
	classes = {
	};
	objectVersion = 46;
	objects = {

/* Begin PBXBuildFile section */
		4E05E41E1B95FFD40024A5EA /* .parse.local in Resources */ = {isa = PBXBuildFile; fileRef = 4E05E4181B95FFD40024A5EA /* .parse.local */; };
		4E05E41F1B95FFD40024A5EA /* .parse.project in Resources */ = {isa = PBXBuildFile; fileRef = 4E05E4191B95FFD40024A5EA /* .parse.project */; };
		4E05E4201B95FFD40024A5EA /* main.js in Resources */ = {isa = PBXBuildFile; fileRef = 4E05E41B1B95FFD40024A5EA /* main.js */; };
		4E05E4211B95FFD40024A5EA /* index.html in Resources */ = {isa = PBXBuildFile; fileRef = 4E05E41D1B95FFD40024A5EA /* index.html */; };
		4E05E4231B9602D20024A5EA /* UserLocation.swift in Sources */ = {isa = PBXBuildFile; fileRef = 4E05E4221B9602D20024A5EA /* UserLocation.swift */; };
		4E05E4251B96084B0024A5EA /* LocationService.swift in Sources */ = {isa = PBXBuildFile; fileRef = 4E05E4241B96084B0024A5EA /* LocationService.swift */; };
		4E1B0A831B4AFFFA00DD5576 /* MapKit.framework in Frameworks */ = {isa = PBXBuildFile; fileRef = 4E1B0A821B4AFFFA00DD5576 /* MapKit.framework */; };
		4E1B0A851B4B018900DD5576 /* CoreLocation.framework in Frameworks */ = {isa = PBXBuildFile; fileRef = 4E1B0A841B4B018900DD5576 /* CoreLocation.framework */; };
		4E1B0A8C1B4B10E200DD5576 /* Bolts.framework in Frameworks */ = {isa = PBXBuildFile; fileRef = 4E1B0A871B4B10E200DD5576 /* Bolts.framework */; };
		4E1B0A8D1B4B10E200DD5576 /* Parse.framework in Frameworks */ = {isa = PBXBuildFile; fileRef = 4E1B0A881B4B10E200DD5576 /* Parse.framework */; };
		4E1B0A8E1B4B10E200DD5576 /* ParseCrashReporting.framework in Frameworks */ = {isa = PBXBuildFile; fileRef = 4E1B0A891B4B10E200DD5576 /* ParseCrashReporting.framework */; };
		4E1B0A901B4B10E200DD5576 /* ParseUI.framework in Frameworks */ = {isa = PBXBuildFile; fileRef = 4E1B0A8B1B4B10E200DD5576 /* ParseUI.framework */; };
		4E1B0A921B4B147700DD5576 /* SystemConfiguration.framework in Frameworks */ = {isa = PBXBuildFile; fileRef = 4E1B0A911B4B147700DD5576 /* SystemConfiguration.framework */; };
		4E1B0A941B4B149D00DD5576 /* libstdc++.6.dylib in Frameworks */ = {isa = PBXBuildFile; fileRef = 4E1B0A931B4B149D00DD5576 /* libstdc++.6.dylib */; };
		4E1B0A961B4B14AB00DD5576 /* AudioToolbox.framework in Frameworks */ = {isa = PBXBuildFile; fileRef = 4E1B0A951B4B14AB00DD5576 /* AudioToolbox.framework */; };
		4E1B0A981B4B14C200DD5576 /* libsqlite3.dylib in Frameworks */ = {isa = PBXBuildFile; fileRef = 4E1B0A971B4B14C200DD5576 /* libsqlite3.dylib */; };
		4E1B0A9E1B4B19CE00DD5576 /* QuestionsViewController.swift in Sources */ = {isa = PBXBuildFile; fileRef = 4E1B0A9D1B4B19CE00DD5576 /* QuestionsViewController.swift */; };
		4E3CE5171B44826800743BCD /* AppDelegate.swift in Sources */ = {isa = PBXBuildFile; fileRef = 4E3CE5161B44826800743BCD /* AppDelegate.swift */; };
		4E3CE5191B44826800743BCD /* ViewController.swift in Sources */ = {isa = PBXBuildFile; fileRef = 4E3CE5181B44826800743BCD /* ViewController.swift */; };
		4E3CE51C1B44826800743BCD /* Main.storyboard in Resources */ = {isa = PBXBuildFile; fileRef = 4E3CE51A1B44826800743BCD /* Main.storyboard */; };
		4E3CE51E1B44826800743BCD /* Images.xcassets in Resources */ = {isa = PBXBuildFile; fileRef = 4E3CE51D1B44826800743BCD /* Images.xcassets */; };
		4E3CE5211B44826800743BCD /* LaunchScreen.xib in Resources */ = {isa = PBXBuildFile; fileRef = 4E3CE51F1B44826800743BCD /* LaunchScreen.xib */; };
		4E3CE52D1B44826800743BCD /* ASKIITests.swift in Sources */ = {isa = PBXBuildFile; fileRef = 4E3CE52C1B44826800743BCD /* ASKIITests.swift */; };
		4E4F053D1B73B9A6000F6FB4 /* SearchLocationViewController.swift in Sources */ = {isa = PBXBuildFile; fileRef = 4E4F053C1B73B9A6000F6FB4 /* SearchLocationViewController.swift */; };
		4E4F05411B7407CC000F6FB4 /* LocationProtocol.swift in Sources */ = {isa = PBXBuildFile; fileRef = 4E4F05401B7407CC000F6FB4 /* LocationProtocol.swift */; };
		4E52706D1B79489100C1C652 /* Gotham-Black.ttf in Resources */ = {isa = PBXBuildFile; fileRef = 4E52706B1B79489100C1C652 /* Gotham-Black.ttf */; };
		4E52706E1B79489100C1C652 /* Gotham-Book.ttf in Resources */ = {isa = PBXBuildFile; fileRef = 4E52706C1B79489100C1C652 /* Gotham-Book.ttf */; };
		4E5270751B7A668600C1C652 /* QnADetailTableViewCell.swift in Sources */ = {isa = PBXBuildFile; fileRef = 4E5270741B7A668600C1C652 /* QnADetailTableViewCell.swift */; };
		4E868C661B6883F70077AB67 /* Location.swift in Sources */ = {isa = PBXBuildFile; fileRef = 4E868C651B6883F70077AB67 /* Location.swift */; };
		4E89F6871B5B516D002EAE7D /* LocationViewController.swift in Sources */ = {isa = PBXBuildFile; fileRef = 4E89F6861B5B516D002EAE7D /* LocationViewController.swift */; };
		4E89F68D1B5C005C002EAE7D /* Accounts.framework in Frameworks */ = {isa = PBXBuildFile; fileRef = 4E89F68C1B5C005C002EAE7D /* Accounts.framework */; };
		4E89F68F1B5C0081002EAE7D /* Social.framework in Frameworks */ = {isa = PBXBuildFile; fileRef = 4E89F68E1B5C0081002EAE7D /* Social.framework */; };
		4EA93DDF1B7AA71200A6392F /* Question.swift in Sources */ = {isa = PBXBuildFile; fileRef = 4EA93DDE1B7AA71200A6392F /* Question.swift */; };
		4EA93DE61B7CFEC500A6392F /* QuestionDoneViewController.swift in Sources */ = {isa = PBXBuildFile; fileRef = 4EA93DE51B7CFEC500A6392F /* QuestionDoneViewController.swift */; };
		4EACBAAD1B67F118005F6664 /* Venues.swift in Sources */ = {isa = PBXBuildFile; fileRef = 4EACBAAC1B67F118005F6664 /* Venues.swift */; };
		4ED527F71B9651FD0000CFC2 /* AppService.swift in Sources */ = {isa = PBXBuildFile; fileRef = 4ED527F61B9651FD0000CFC2 /* AppService.swift */; };
		4EE9E8391B84EB1D00C989E8 /* Utility.swift in Sources */ = {isa = PBXBuildFile; fileRef = 4EE9E8381B84EB1D00C989E8 /* Utility.swift */; };
		4EE9E83C1B86279900C989E8 /* Comment.swift in Sources */ = {isa = PBXBuildFile; fileRef = 4EE9E83B1B86279900C989E8 /* Comment.swift */; };
		4EE9E8401B86623B00C989E8 /* QuestionService.swift in Sources */ = {isa = PBXBuildFile; fileRef = 4EE9E83F1B86623B00C989E8 /* QuestionService.swift */; };
		4EF64CFB1B62B34100D979EB /* NewQuestionProtocol.swift in Sources */ = {isa = PBXBuildFile; fileRef = 4EF64CFA1B62B34100D979EB /* NewQuestionProtocol.swift */; };
		CE2B63AC1B70718C00B08FC0 /* QuadratTouch.framework in Frameworks */ = {isa = PBXBuildFile; fileRef = 4EACBAA81B67EFA1005F6664 /* QuadratTouch.framework */; };
		CE2B63AD1B70718C00B08FC0 /* QuadratTouch.framework in Embed Frameworks */ = {isa = PBXBuildFile; fileRef = 4EACBAA81B67EFA1005F6664 /* QuadratTouch.framework */; settings = {ATTRIBUTES = (CodeSignOnCopy, RemoveHeadersOnCopy, ); }; };
		CE7CE3D31B77AC510067778B /* TransitionManager.swift in Sources */ = {isa = PBXBuildFile; fileRef = CE7CE3D21B77AC510067778B /* TransitionManager.swift */; };
		CEADC43A1B59955A00A2EF3E /* NewQuestion.storyboard in Resources */ = {isa = PBXBuildFile; fileRef = CEADC4391B59955A00A2EF3E /* NewQuestion.storyboard */; };
		CEADC43C1B59A69700A2EF3E /* NewQuestionViewController.swift in Sources */ = {isa = PBXBuildFile; fileRef = CEADC43B1B59A69700A2EF3E /* NewQuestionViewController.swift */; };
		CEB2B63B1B5AF626001F83F4 /* TableViewCell.swift in Sources */ = {isa = PBXBuildFile; fileRef = CEB2B63A1B5AF626001F83F4 /* TableViewCell.swift */; };
		CEB2B63E1B5B129B001F83F4 /* SingleQuestionViewController.swift in Sources */ = {isa = PBXBuildFile; fileRef = CEB2B63D1B5B129B001F83F4 /* SingleQuestionViewController.swift */; };
		CEB2B6401B5B1F08001F83F4 /* SingleTableViewCell.swift in Sources */ = {isa = PBXBuildFile; fileRef = CEB2B63F1B5B1F08001F83F4 /* SingleTableViewCell.swift */; };
/* End PBXBuildFile section */

/* Begin PBXContainerItemProxy section */
		4E3CE5271B44826800743BCD /* PBXContainerItemProxy */ = {
			isa = PBXContainerItemProxy;
			containerPortal = 4E3CE5091B44826800743BCD /* Project object */;
			proxyType = 1;
			remoteGlobalIDString = 4E3CE5101B44826800743BCD;
			remoteInfo = ASKII;
		};
		4EACBAA51B67EFA1005F6664 /* PBXContainerItemProxy */ = {
			isa = PBXContainerItemProxy;
			containerPortal = 4EACBAA01B67EFA1005F6664 /* Quadrat.xcodeproj */;
			proxyType = 2;
			remoteGlobalIDString = 476B70891A0EBAE700AFAC33;
			remoteInfo = Quadrat;
		};
		4EACBAA71B67EFA1005F6664 /* PBXContainerItemProxy */ = {
			isa = PBXContainerItemProxy;
			containerPortal = 4EACBAA01B67EFA1005F6664 /* Quadrat.xcodeproj */;
			proxyType = 2;
			remoteGlobalIDString = 476B70DA1A0EBBA500AFAC33;
			remoteInfo = QuadratTouch;
		};
		CE2B63AE1B70718C00B08FC0 /* PBXContainerItemProxy */ = {
			isa = PBXContainerItemProxy;
			containerPortal = 4EACBAA01B67EFA1005F6664 /* Quadrat.xcodeproj */;
			proxyType = 1;
			remoteGlobalIDString = 476B70D91A0EBBA500AFAC33;
			remoteInfo = QuadratTouch;
		};
/* End PBXContainerItemProxy section */

/* Begin PBXCopyFilesBuildPhase section */
		CE2B63B01B70718C00B08FC0 /* Embed Frameworks */ = {
			isa = PBXCopyFilesBuildPhase;
			buildActionMask = 2147483647;
			dstPath = "";
			dstSubfolderSpec = 10;
			files = (
				CE2B63AD1B70718C00B08FC0 /* QuadratTouch.framework in Embed Frameworks */,
			);
			name = "Embed Frameworks";
			runOnlyForDeploymentPostprocessing = 0;
		};
/* End PBXCopyFilesBuildPhase section */

/* Begin PBXFileReference section */
		4E05E4181B95FFD40024A5EA /* .parse.local */ = {isa = PBXFileReference; fileEncoding = 4; lastKnownFileType = text; path = .parse.local; sourceTree = "<group>"; };
		4E05E4191B95FFD40024A5EA /* .parse.project */ = {isa = PBXFileReference; fileEncoding = 4; lastKnownFileType = text; path = .parse.project; sourceTree = "<group>"; };
		4E05E41B1B95FFD40024A5EA /* main.js */ = {isa = PBXFileReference; fileEncoding = 4; lastKnownFileType = sourcecode.javascript; path = main.js; sourceTree = "<group>"; };
		4E05E41D1B95FFD40024A5EA /* index.html */ = {isa = PBXFileReference; fileEncoding = 4; lastKnownFileType = text.html; path = index.html; sourceTree = "<group>"; };
		4E05E4221B9602D20024A5EA /* UserLocation.swift */ = {isa = PBXFileReference; fileEncoding = 4; lastKnownFileType = sourcecode.swift; path = UserLocation.swift; sourceTree = "<group>"; };
		4E05E4241B96084B0024A5EA /* LocationService.swift */ = {isa = PBXFileReference; fileEncoding = 4; lastKnownFileType = sourcecode.swift; path = LocationService.swift; sourceTree = "<group>"; };
		4E1B0A821B4AFFFA00DD5576 /* MapKit.framework */ = {isa = PBXFileReference; lastKnownFileType = wrapper.framework; name = MapKit.framework; path = System/Library/Frameworks/MapKit.framework; sourceTree = SDKROOT; };
		4E1B0A841B4B018900DD5576 /* CoreLocation.framework */ = {isa = PBXFileReference; lastKnownFileType = wrapper.framework; name = CoreLocation.framework; path = System/Library/Frameworks/CoreLocation.framework; sourceTree = SDKROOT; };
		4E1B0A871B4B10E200DD5576 /* Bolts.framework */ = {isa = PBXFileReference; lastKnownFileType = wrapper.framework; path = Bolts.framework; sourceTree = "<group>"; };
		4E1B0A881B4B10E200DD5576 /* Parse.framework */ = {isa = PBXFileReference; lastKnownFileType = wrapper.framework; path = Parse.framework; sourceTree = "<group>"; };
		4E1B0A891B4B10E200DD5576 /* ParseCrashReporting.framework */ = {isa = PBXFileReference; lastKnownFileType = wrapper.framework; path = ParseCrashReporting.framework; sourceTree = "<group>"; };
		4E1B0A8B1B4B10E200DD5576 /* ParseUI.framework */ = {isa = PBXFileReference; lastKnownFileType = wrapper.framework; path = ParseUI.framework; sourceTree = "<group>"; };
		4E1B0A911B4B147700DD5576 /* SystemConfiguration.framework */ = {isa = PBXFileReference; lastKnownFileType = wrapper.framework; name = SystemConfiguration.framework; path = System/Library/Frameworks/SystemConfiguration.framework; sourceTree = SDKROOT; };
		4E1B0A931B4B149D00DD5576 /* libstdc++.6.dylib */ = {isa = PBXFileReference; lastKnownFileType = "compiled.mach-o.dylib"; name = "libstdc++.6.dylib"; path = "usr/lib/libstdc++.6.dylib"; sourceTree = SDKROOT; };
		4E1B0A951B4B14AB00DD5576 /* AudioToolbox.framework */ = {isa = PBXFileReference; lastKnownFileType = wrapper.framework; name = AudioToolbox.framework; path = System/Library/Frameworks/AudioToolbox.framework; sourceTree = SDKROOT; };
		4E1B0A971B4B14C200DD5576 /* libsqlite3.dylib */ = {isa = PBXFileReference; lastKnownFileType = "compiled.mach-o.dylib"; name = libsqlite3.dylib; path = usr/lib/libsqlite3.dylib; sourceTree = SDKROOT; };
		4E1B0A9D1B4B19CE00DD5576 /* QuestionsViewController.swift */ = {isa = PBXFileReference; fileEncoding = 4; lastKnownFileType = sourcecode.swift; path = QuestionsViewController.swift; sourceTree = "<group>"; };
		4E3CE5111B44826800743BCD /* ASKII.app */ = {isa = PBXFileReference; explicitFileType = wrapper.application; includeInIndex = 0; path = ASKII.app; sourceTree = BUILT_PRODUCTS_DIR; };
		4E3CE5151B44826800743BCD /* Info.plist */ = {isa = PBXFileReference; lastKnownFileType = text.plist.xml; path = Info.plist; sourceTree = "<group>"; };
		4E3CE5161B44826800743BCD /* AppDelegate.swift */ = {isa = PBXFileReference; lastKnownFileType = sourcecode.swift; path = AppDelegate.swift; sourceTree = "<group>"; };
		4E3CE5181B44826800743BCD /* ViewController.swift */ = {isa = PBXFileReference; lastKnownFileType = sourcecode.swift; path = ViewController.swift; sourceTree = "<group>"; };
		4E3CE51B1B44826800743BCD /* Base */ = {isa = PBXFileReference; lastKnownFileType = file.storyboard; name = Base; path = Base.lproj/Main.storyboard; sourceTree = "<group>"; };
		4E3CE51D1B44826800743BCD /* Images.xcassets */ = {isa = PBXFileReference; lastKnownFileType = folder.assetcatalog; path = Images.xcassets; sourceTree = "<group>"; };
		4E3CE5201B44826800743BCD /* Base */ = {isa = PBXFileReference; lastKnownFileType = file.xib; name = Base; path = Base.lproj/LaunchScreen.xib; sourceTree = "<group>"; };
		4E3CE5261B44826800743BCD /* ASKIITests.xctest */ = {isa = PBXFileReference; explicitFileType = wrapper.cfbundle; includeInIndex = 0; path = ASKIITests.xctest; sourceTree = BUILT_PRODUCTS_DIR; };
		4E3CE52B1B44826800743BCD /* Info.plist */ = {isa = PBXFileReference; lastKnownFileType = text.plist.xml; path = Info.plist; sourceTree = "<group>"; };
		4E3CE52C1B44826800743BCD /* ASKIITests.swift */ = {isa = PBXFileReference; lastKnownFileType = sourcecode.swift; path = ASKIITests.swift; sourceTree = "<group>"; };
		4E4F053C1B73B9A6000F6FB4 /* SearchLocationViewController.swift */ = {isa = PBXFileReference; fileEncoding = 4; lastKnownFileType = sourcecode.swift; path = SearchLocationViewController.swift; sourceTree = "<group>"; };
		4E4F05401B7407CC000F6FB4 /* LocationProtocol.swift */ = {isa = PBXFileReference; fileEncoding = 4; lastKnownFileType = sourcecode.swift; path = LocationProtocol.swift; sourceTree = "<group>"; };
		4E52706B1B79489100C1C652 /* Gotham-Black.ttf */ = {isa = PBXFileReference; lastKnownFileType = file; path = "Gotham-Black.ttf"; sourceTree = "<group>"; };
		4E52706C1B79489100C1C652 /* Gotham-Book.ttf */ = {isa = PBXFileReference; lastKnownFileType = file; path = "Gotham-Book.ttf"; sourceTree = "<group>"; };
		4E5270741B7A668600C1C652 /* QnADetailTableViewCell.swift */ = {isa = PBXFileReference; fileEncoding = 4; lastKnownFileType = sourcecode.swift; path = QnADetailTableViewCell.swift; sourceTree = "<group>"; };
		4E868C651B6883F70077AB67 /* Location.swift */ = {isa = PBXFileReference; fileEncoding = 4; lastKnownFileType = sourcecode.swift; name = Location.swift; path = ASKII/Location.swift; sourceTree = "<group>"; };
		4E89F6861B5B516D002EAE7D /* LocationViewController.swift */ = {isa = PBXFileReference; fileEncoding = 4; lastKnownFileType = sourcecode.swift; path = LocationViewController.swift; sourceTree = "<group>"; };
		4E89F68C1B5C005C002EAE7D /* Accounts.framework */ = {isa = PBXFileReference; lastKnownFileType = wrapper.framework; name = Accounts.framework; path = System/Library/Frameworks/Accounts.framework; sourceTree = SDKROOT; };
		4E89F68E1B5C0081002EAE7D /* Social.framework */ = {isa = PBXFileReference; lastKnownFileType = wrapper.framework; name = Social.framework; path = System/Library/Frameworks/Social.framework; sourceTree = SDKROOT; };
		4EA93DDE1B7AA71200A6392F /* Question.swift */ = {isa = PBXFileReference; fileEncoding = 4; lastKnownFileType = sourcecode.swift; name = Question.swift; path = ASKII/Question.swift; sourceTree = "<group>"; };
		4EA93DE51B7CFEC500A6392F /* QuestionDoneViewController.swift */ = {isa = PBXFileReference; fileEncoding = 4; lastKnownFileType = sourcecode.swift; path = QuestionDoneViewController.swift; sourceTree = "<group>"; };
		4EACBAA01B67EFA1005F6664 /* Quadrat.xcodeproj */ = {isa = PBXFileReference; lastKnownFileType = "wrapper.pb-project"; name = Quadrat.xcodeproj; path = "das-quadrat/Source/Quadrat.xcodeproj"; sourceTree = "<group>"; };
		4EACBAAC1B67F118005F6664 /* Venues.swift */ = {isa = PBXFileReference; fileEncoding = 4; lastKnownFileType = sourcecode.swift; path = Venues.swift; sourceTree = "<group>"; };
		4ED527F61B9651FD0000CFC2 /* AppService.swift */ = {isa = PBXFileReference; fileEncoding = 4; lastKnownFileType = sourcecode.swift; path = AppService.swift; sourceTree = "<group>"; };
		4EE9E8381B84EB1D00C989E8 /* Utility.swift */ = {isa = PBXFileReference; fileEncoding = 4; lastKnownFileType = sourcecode.swift; path = Utility.swift; sourceTree = "<group>"; };
		4EE9E83B1B86279900C989E8 /* Comment.swift */ = {isa = PBXFileReference; fileEncoding = 4; lastKnownFileType = sourcecode.swift; path = Comment.swift; sourceTree = "<group>"; };
		4EE9E83F1B86623B00C989E8 /* QuestionService.swift */ = {isa = PBXFileReference; fileEncoding = 4; lastKnownFileType = sourcecode.swift; path = QuestionService.swift; sourceTree = "<group>"; };
		4EF64CFA1B62B34100D979EB /* NewQuestionProtocol.swift */ = {isa = PBXFileReference; fileEncoding = 4; lastKnownFileType = sourcecode.swift; path = NewQuestionProtocol.swift; sourceTree = "<group>"; };
		6AA53E53F04E31FB05347BC8 /* Pods-ASKII.debug.xcconfig */ = {isa = PBXFileReference; includeInIndex = 1; lastKnownFileType = text.xcconfig; name = "Pods-ASKII.debug.xcconfig"; path = "Pods/Target Support Files/Pods-ASKII/Pods-ASKII.debug.xcconfig"; sourceTree = "<group>"; };
		6ECC465071218FABC8109585 /* Pods-ASKII.release.xcconfig */ = {isa = PBXFileReference; includeInIndex = 1; lastKnownFileType = text.xcconfig; name = "Pods-ASKII.release.xcconfig"; path = "Pods/Target Support Files/Pods-ASKII/Pods-ASKII.release.xcconfig"; sourceTree = "<group>"; };
		AF85861258DCAB1D0FAA4688 /* Pods_ASKII.framework */ = {isa = PBXFileReference; explicitFileType = wrapper.framework; includeInIndex = 0; path = Pods_ASKII.framework; sourceTree = BUILT_PRODUCTS_DIR; };
		CE07E7971B62C77500BF6427 /* Info.plist */ = {isa = PBXFileReference; lastKnownFileType = text.plist.xml; path = Info.plist; sourceTree = "<group>"; };
		CE07E7981B62C77500BF6427 /* Pods-ASKII-acknowledgements.markdown */ = {isa = PBXFileReference; lastKnownFileType = net.daringfireball.markdown; path = "Pods-ASKII-acknowledgements.markdown"; sourceTree = "<group>"; };
		CE07E7991B62C77500BF6427 /* Pods-ASKII-acknowledgements.plist */ = {isa = PBXFileReference; lastKnownFileType = text.plist.xml; path = "Pods-ASKII-acknowledgements.plist"; sourceTree = "<group>"; };
		CE07E79A1B62C77500BF6427 /* Pods-ASKII-dummy.m */ = {isa = PBXFileReference; lastKnownFileType = sourcecode.c.objc; path = "Pods-ASKII-dummy.m"; sourceTree = "<group>"; };
		CE07E79B1B62C77500BF6427 /* Pods-ASKII-frameworks.sh */ = {isa = PBXFileReference; lastKnownFileType = text.script.sh; path = "Pods-ASKII-frameworks.sh"; sourceTree = "<group>"; };
		CE07E79C1B62C77500BF6427 /* Pods-ASKII-resources.sh */ = {isa = PBXFileReference; lastKnownFileType = text.script.sh; path = "Pods-ASKII-resources.sh"; sourceTree = "<group>"; };
		CE07E79D1B62C77500BF6427 /* Pods-ASKII-umbrella.h */ = {isa = PBXFileReference; lastKnownFileType = sourcecode.c.h; path = "Pods-ASKII-umbrella.h"; sourceTree = "<group>"; };
		CE07E79E1B62C77500BF6427 /* Pods-ASKII.debug.xcconfig */ = {isa = PBXFileReference; lastKnownFileType = text.xcconfig; path = "Pods-ASKII.debug.xcconfig"; sourceTree = "<group>"; };
		CE07E79F1B62C77500BF6427 /* Pods-ASKII.modulemap */ = {isa = PBXFileReference; lastKnownFileType = "sourcecode.module-map"; path = "Pods-ASKII.modulemap"; sourceTree = "<group>"; };
		CE07E7A01B62C77500BF6427 /* Pods-ASKII.release.xcconfig */ = {isa = PBXFileReference; lastKnownFileType = text.xcconfig; path = "Pods-ASKII.release.xcconfig"; sourceTree = "<group>"; };
		CE07E7A21B62C7A000BF6427 /* Info.plist */ = {isa = PBXFileReference; lastKnownFileType = text.plist.xml; path = Info.plist; sourceTree = "<group>"; };
		CE07E7A31B62C7A000BF6427 /* Pods-ASKII-acknowledgements.markdown */ = {isa = PBXFileReference; lastKnownFileType = net.daringfireball.markdown; path = "Pods-ASKII-acknowledgements.markdown"; sourceTree = "<group>"; };
		CE07E7A41B62C7A000BF6427 /* Pods-ASKII-acknowledgements.plist */ = {isa = PBXFileReference; lastKnownFileType = text.plist.xml; path = "Pods-ASKII-acknowledgements.plist"; sourceTree = "<group>"; };
		CE07E7A51B62C7A000BF6427 /* Pods-ASKII-dummy.m */ = {isa = PBXFileReference; lastKnownFileType = sourcecode.c.objc; path = "Pods-ASKII-dummy.m"; sourceTree = "<group>"; };
		CE07E7A61B62C7A000BF6427 /* Pods-ASKII-frameworks.sh */ = {isa = PBXFileReference; lastKnownFileType = text.script.sh; path = "Pods-ASKII-frameworks.sh"; sourceTree = "<group>"; };
		CE07E7A71B62C7A000BF6427 /* Pods-ASKII-resources.sh */ = {isa = PBXFileReference; lastKnownFileType = text.script.sh; path = "Pods-ASKII-resources.sh"; sourceTree = "<group>"; };
		CE07E7A81B62C7A000BF6427 /* Pods-ASKII-umbrella.h */ = {isa = PBXFileReference; lastKnownFileType = sourcecode.c.h; path = "Pods-ASKII-umbrella.h"; sourceTree = "<group>"; };
		CE07E7A91B62C7A000BF6427 /* Pods-ASKII.debug.xcconfig */ = {isa = PBXFileReference; lastKnownFileType = text.xcconfig; path = "Pods-ASKII.debug.xcconfig"; sourceTree = "<group>"; };
		CE07E7AA1B62C7A000BF6427 /* Pods-ASKII.modulemap */ = {isa = PBXFileReference; lastKnownFileType = "sourcecode.module-map"; path = "Pods-ASKII.modulemap"; sourceTree = "<group>"; };
		CE07E7AB1B62C7A000BF6427 /* Pods-ASKII.release.xcconfig */ = {isa = PBXFileReference; lastKnownFileType = text.xcconfig; path = "Pods-ASKII.release.xcconfig"; sourceTree = "<group>"; };
		CE7CE3D21B77AC510067778B /* TransitionManager.swift */ = {isa = PBXFileReference; fileEncoding = 4; lastKnownFileType = sourcecode.swift; path = TransitionManager.swift; sourceTree = "<group>"; };
		CEADC4391B59955A00A2EF3E /* NewQuestion.storyboard */ = {isa = PBXFileReference; fileEncoding = 4; lastKnownFileType = file.storyboard; path = NewQuestion.storyboard; sourceTree = "<group>"; };
		CEADC43B1B59A69700A2EF3E /* NewQuestionViewController.swift */ = {isa = PBXFileReference; fileEncoding = 4; lastKnownFileType = sourcecode.swift; path = NewQuestionViewController.swift; sourceTree = "<group>"; };
		CEB2B63A1B5AF626001F83F4 /* TableViewCell.swift */ = {isa = PBXFileReference; fileEncoding = 4; lastKnownFileType = sourcecode.swift; path = TableViewCell.swift; sourceTree = "<group>"; };
		CEB2B63D1B5B129B001F83F4 /* SingleQuestionViewController.swift */ = {isa = PBXFileReference; fileEncoding = 4; lastKnownFileType = sourcecode.swift; path = SingleQuestionViewController.swift; sourceTree = "<group>"; };
		CEB2B63F1B5B1F08001F83F4 /* SingleTableViewCell.swift */ = {isa = PBXFileReference; fileEncoding = 4; lastKnownFileType = sourcecode.swift; path = SingleTableViewCell.swift; sourceTree = "<group>"; };
/* End PBXFileReference section */

/* Begin PBXFrameworksBuildPhase section */
		4E3CE50E1B44826800743BCD /* Frameworks */ = {
			isa = PBXFrameworksBuildPhase;
			buildActionMask = 2147483647;
			files = (
				4E89F68F1B5C0081002EAE7D /* Social.framework in Frameworks */,
				4E89F68D1B5C005C002EAE7D /* Accounts.framework in Frameworks */,
				4E1B0A981B4B14C200DD5576 /* libsqlite3.dylib in Frameworks */,
				4E1B0A961B4B14AB00DD5576 /* AudioToolbox.framework in Frameworks */,
				4E1B0A941B4B149D00DD5576 /* libstdc++.6.dylib in Frameworks */,
				4E1B0A921B4B147700DD5576 /* SystemConfiguration.framework in Frameworks */,
				CE2B63AC1B70718C00B08FC0 /* QuadratTouch.framework in Frameworks */,
				4E1B0A8C1B4B10E200DD5576 /* Bolts.framework in Frameworks */,
				4E1B0A8E1B4B10E200DD5576 /* ParseCrashReporting.framework in Frameworks */,
				4E1B0A901B4B10E200DD5576 /* ParseUI.framework in Frameworks */,
				4E1B0A851B4B018900DD5576 /* CoreLocation.framework in Frameworks */,
				4E1B0A8D1B4B10E200DD5576 /* Parse.framework in Frameworks */,
				4E1B0A831B4AFFFA00DD5576 /* MapKit.framework in Frameworks */,
			);
			runOnlyForDeploymentPostprocessing = 0;
		};
		4E3CE5231B44826800743BCD /* Frameworks */ = {
			isa = PBXFrameworksBuildPhase;
			buildActionMask = 2147483647;
			files = (
			);
			runOnlyForDeploymentPostprocessing = 0;
		};
/* End PBXFrameworksBuildPhase section */

/* Begin PBXGroup section */
		463360069EE498F9C54EF6A2 /* Pods */ = {
			isa = PBXGroup;
			children = (
				6AA53E53F04E31FB05347BC8 /* Pods-ASKII.debug.xcconfig */,
				6ECC465071218FABC8109585 /* Pods-ASKII.release.xcconfig */,
			);
			name = Pods;
			sourceTree = "<group>";
		};
		4E05E4171B95FFD40024A5EA /* ASKIICloudCode */ = {
			isa = PBXGroup;
			children = (
				4E05E4181B95FFD40024A5EA /* .parse.local */,
				4E05E4191B95FFD40024A5EA /* .parse.project */,
				4E05E41A1B95FFD40024A5EA /* cloud */,
				4E05E41C1B95FFD40024A5EA /* public */,
			);
			path = ASKIICloudCode;
			sourceTree = "<group>";
		};
		4E05E41A1B95FFD40024A5EA /* cloud */ = {
			isa = PBXGroup;
			children = (
				4E05E41B1B95FFD40024A5EA /* main.js */,
			);
			path = cloud;
			sourceTree = "<group>";
		};
		4E05E41C1B95FFD40024A5EA /* public */ = {
			isa = PBXGroup;
			children = (
				4E05E41D1B95FFD40024A5EA /* index.html */,
			);
			path = public;
			sourceTree = "<group>";
		};
		4E1B0A861B4B10AB00DD5576 /* Frameworks */ = {
			isa = PBXGroup;
			children = (
				CE07E7A11B62C7A000BF6427 /* Pods-ASKII */,
				CE07E7961B62C77500BF6427 /* Pods-ASKII */,
				4E89F68E1B5C0081002EAE7D /* Social.framework */,
				4E89F68C1B5C005C002EAE7D /* Accounts.framework */,
				4E1B0A991B4B14F600DD5576 /* SystemFrameworks */,
				4E1B0A871B4B10E200DD5576 /* Bolts.framework */,
				4E1B0A881B4B10E200DD5576 /* Parse.framework */,
				4E1B0A891B4B10E200DD5576 /* ParseCrashReporting.framework */,
				4E1B0A8B1B4B10E200DD5576 /* ParseUI.framework */,
				4E1B0A841B4B018900DD5576 /* CoreLocation.framework */,
				4E1B0A821B4AFFFA00DD5576 /* MapKit.framework */,
				AF85861258DCAB1D0FAA4688 /* Pods_ASKII.framework */,
			);
			name = Frameworks;
			sourceTree = "<group>";
		};
		4E1B0A991B4B14F600DD5576 /* SystemFrameworks */ = {
			isa = PBXGroup;
			children = (
				4E1B0A971B4B14C200DD5576 /* libsqlite3.dylib */,
				4E1B0A951B4B14AB00DD5576 /* AudioToolbox.framework */,
				4E1B0A931B4B149D00DD5576 /* libstdc++.6.dylib */,
				4E1B0A911B4B147700DD5576 /* SystemConfiguration.framework */,
			);
			name = SystemFrameworks;
			sourceTree = "<group>";
		};
		4E1B0A9C1B4B19A300DD5576 /* Controllers */ = {
			isa = PBXGroup;
			children = (
				4E3CE5181B44826800743BCD /* ViewController.swift */,
				4E1B0A9D1B4B19CE00DD5576 /* QuestionsViewController.swift */,
				CEB2B63D1B5B129B001F83F4 /* SingleQuestionViewController.swift */,
				CEADC43B1B59A69700A2EF3E /* NewQuestionViewController.swift */,
				4E89F6861B5B516D002EAE7D /* LocationViewController.swift */,
				4E4F053C1B73B9A6000F6FB4 /* SearchLocationViewController.swift */,
				4EA93DE51B7CFEC500A6392F /* QuestionDoneViewController.swift */,
			);
			name = Controllers;
			sourceTree = "<group>";
		};
		4E3CE5081B44826800743BCD = {
			isa = PBXGroup;
			children = (
				4E05E4171B95FFD40024A5EA /* ASKIICloudCode */,
				4EACBAA01B67EFA1005F6664 /* Quadrat.xcodeproj */,
				4E1B0A861B4B10AB00DD5576 /* Frameworks */,
				4E3CE5131B44826800743BCD /* ASKII */,
				4E3CE5291B44826800743BCD /* ASKIITests */,
				4E3CE5121B44826800743BCD /* Products */,
				463360069EE498F9C54EF6A2 /* Pods */,
			);
			sourceTree = "<group>";
		};
		4E3CE5121B44826800743BCD /* Products */ = {
			isa = PBXGroup;
			children = (
				4E3CE5111B44826800743BCD /* ASKII.app */,
				4E3CE5261B44826800743BCD /* ASKIITests.xctest */,
			);
			name = Products;
			sourceTree = "<group>";
		};
		4E3CE5131B44826800743BCD /* ASKII */ = {
			isa = PBXGroup;
			children = (
				4E5270721B7A663E00C1C652 /* Views */,
				4E52706B1B79489100C1C652 /* Gotham-Black.ttf */,
				4E52706C1B79489100C1C652 /* Gotham-Book.ttf */,
				4EACBAAB1B67F103005F6664 /* Services */,
				4E465A2D1B5045B200A0336B /* Models */,
				4EF64CF91B62B30600D979EB /* Protocols */,
				4E1B0A9C1B4B19A300DD5576 /* Controllers */,
				4E3CE5161B44826800743BCD /* AppDelegate.swift */,
				4E3CE51A1B44826800743BCD /* Main.storyboard */,
				CE7CE3D21B77AC510067778B /* TransitionManager.swift */,
				CEB2B63A1B5AF626001F83F4 /* TableViewCell.swift */,
				CEB2B63F1B5B1F08001F83F4 /* SingleTableViewCell.swift */,
				CEADC4391B59955A00A2EF3E /* NewQuestion.storyboard */,
				4E3CE51D1B44826800743BCD /* Images.xcassets */,
				4E3CE51F1B44826800743BCD /* LaunchScreen.xib */,
				4E3CE5141B44826800743BCD /* Supporting Files */,
			);
			path = ASKII;
			sourceTree = "<group>";
		};
		4E3CE5141B44826800743BCD /* Supporting Files */ = {
			isa = PBXGroup;
			children = (
				4E3CE5151B44826800743BCD /* Info.plist */,
			);
			name = "Supporting Files";
			sourceTree = "<group>";
		};
		4E3CE5291B44826800743BCD /* ASKIITests */ = {
			isa = PBXGroup;
			children = (
				4E3CE52C1B44826800743BCD /* ASKIITests.swift */,
				4E3CE52A1B44826800743BCD /* Supporting Files */,
			);
			path = ASKIITests;
			sourceTree = "<group>";
		};
		4E3CE52A1B44826800743BCD /* Supporting Files */ = {
			isa = PBXGroup;
			children = (
				4E3CE52B1B44826800743BCD /* Info.plist */,
			);
			name = "Supporting Files";
			sourceTree = "<group>";
		};
		4E465A2D1B5045B200A0336B /* Models */ = {
			isa = PBXGroup;
			children = (
				4EA93DDE1B7AA71200A6392F /* Question.swift */,
				4E868C651B6883F70077AB67 /* Location.swift */,
				4EE9E83B1B86279900C989E8 /* Comment.swift */,
				4E05E4221B9602D20024A5EA /* UserLocation.swift */,
			);
			name = Models;
			path = ..;
			sourceTree = "<group>";
		};
		4E5270721B7A663E00C1C652 /* Views */ = {
			isa = PBXGroup;
			children = (
				4E5270741B7A668600C1C652 /* QnADetailTableViewCell.swift */,
			);
			name = Views;
			sourceTree = "<group>";
		};
		4EACBAA11B67EFA1005F6664 /* Products */ = {
			isa = PBXGroup;
			children = (
				4EACBAA61B67EFA1005F6664 /* Quadrat.framework */,
				4EACBAA81B67EFA1005F6664 /* QuadratTouch.framework */,
			);
			name = Products;
			sourceTree = "<group>";
		};
		4EACBAAB1B67F103005F6664 /* Services */ = {
			isa = PBXGroup;
			children = (
				4ED527F61B9651FD0000CFC2 /* AppService.swift */,
				4EACBAAC1B67F118005F6664 /* Venues.swift */,
				4EE9E8381B84EB1D00C989E8 /* Utility.swift */,
				4EE9E83F1B86623B00C989E8 /* QuestionService.swift */,
				4E05E4241B96084B0024A5EA /* LocationService.swift */,
			);
			name = Services;
			sourceTree = "<group>";
		};
		4EF64CF91B62B30600D979EB /* Protocols */ = {
			isa = PBXGroup;
			children = (
				4EF64CFA1B62B34100D979EB /* NewQuestionProtocol.swift */,
				4E4F05401B7407CC000F6FB4 /* LocationProtocol.swift */,
			);
			name = Protocols;
			sourceTree = "<group>";
		};
		CE07E7961B62C77500BF6427 /* Pods-ASKII */ = {
			isa = PBXGroup;
			children = (
				CE07E7971B62C77500BF6427 /* Info.plist */,
				CE07E7981B62C77500BF6427 /* Pods-ASKII-acknowledgements.markdown */,
				CE07E7991B62C77500BF6427 /* Pods-ASKII-acknowledgements.plist */,
				CE07E79A1B62C77500BF6427 /* Pods-ASKII-dummy.m */,
				CE07E79B1B62C77500BF6427 /* Pods-ASKII-frameworks.sh */,
				CE07E79C1B62C77500BF6427 /* Pods-ASKII-resources.sh */,
				CE07E79D1B62C77500BF6427 /* Pods-ASKII-umbrella.h */,
				CE07E79E1B62C77500BF6427 /* Pods-ASKII.debug.xcconfig */,
				CE07E79F1B62C77500BF6427 /* Pods-ASKII.modulemap */,
				CE07E7A01B62C77500BF6427 /* Pods-ASKII.release.xcconfig */,
			);
			name = "Pods-ASKII";
			path = "Pods/Target Support Files/Pods-ASKII";
			sourceTree = "<group>";
		};
		CE07E7A11B62C7A000BF6427 /* Pods-ASKII */ = {
			isa = PBXGroup;
			children = (
				CE07E7A21B62C7A000BF6427 /* Info.plist */,
				CE07E7A31B62C7A000BF6427 /* Pods-ASKII-acknowledgements.markdown */,
				CE07E7A41B62C7A000BF6427 /* Pods-ASKII-acknowledgements.plist */,
				CE07E7A51B62C7A000BF6427 /* Pods-ASKII-dummy.m */,
				CE07E7A61B62C7A000BF6427 /* Pods-ASKII-frameworks.sh */,
				CE07E7A71B62C7A000BF6427 /* Pods-ASKII-resources.sh */,
				CE07E7A81B62C7A000BF6427 /* Pods-ASKII-umbrella.h */,
				CE07E7A91B62C7A000BF6427 /* Pods-ASKII.debug.xcconfig */,
				CE07E7AA1B62C7A000BF6427 /* Pods-ASKII.modulemap */,
				CE07E7AB1B62C7A000BF6427 /* Pods-ASKII.release.xcconfig */,
			);
			name = "Pods-ASKII";
			path = "Pods/Target Support Files/Pods-ASKII";
			sourceTree = "<group>";
		};
/* End PBXGroup section */

/* Begin PBXNativeTarget section */
		4E3CE5101B44826800743BCD /* ASKII */ = {
			isa = PBXNativeTarget;
			buildConfigurationList = 4E3CE5301B44826800743BCD /* Build configuration list for PBXNativeTarget "ASKII" */;
			buildPhases = (
				D8C09173F8C2A02568580BC8 /* Check Pods Manifest.lock */,
				4E3CE50D1B44826800743BCD /* Sources */,
				4E3CE50E1B44826800743BCD /* Frameworks */,
				4E3CE50F1B44826800743BCD /* Resources */,
				287F52854DC268AD554FF2B4 /* Copy Pods Resources */,
				733FF1BC7BA941EE79505435 /* Embed Pods Frameworks */,
				CE2B63B01B70718C00B08FC0 /* Embed Frameworks */,
			);
			buildRules = (
			);
			dependencies = (
				CE2B63AF1B70718C00B08FC0 /* PBXTargetDependency */,
			);
			name = ASKII;
			productName = ASKII;
			productReference = 4E3CE5111B44826800743BCD /* ASKII.app */;
			productType = "com.apple.product-type.application";
		};
		4E3CE5251B44826800743BCD /* ASKIITests */ = {
			isa = PBXNativeTarget;
			buildConfigurationList = 4E3CE5331B44826800743BCD /* Build configuration list for PBXNativeTarget "ASKIITests" */;
			buildPhases = (
				4E3CE5221B44826800743BCD /* Sources */,
				4E3CE5231B44826800743BCD /* Frameworks */,
				4E3CE5241B44826800743BCD /* Resources */,
			);
			buildRules = (
			);
			dependencies = (
				4E3CE5281B44826800743BCD /* PBXTargetDependency */,
			);
			name = ASKIITests;
			productName = ASKIITests;
			productReference = 4E3CE5261B44826800743BCD /* ASKIITests.xctest */;
			productType = "com.apple.product-type.bundle.unit-test";
		};
/* End PBXNativeTarget section */

/* Begin PBXProject section */
		4E3CE5091B44826800743BCD /* Project object */ = {
			isa = PBXProject;
			attributes = {
				LastSwiftUpdateCheck = 0700;
				LastUpgradeCheck = 0630;
				TargetAttributes = {
					4E3CE5101B44826800743BCD = {
						CreatedOnToolsVersion = 6.3.2;
						DevelopmentTeam = VRYW4TD62Q;
						SystemCapabilities = {
							com.apple.BackgroundModes = {
								enabled = 1;
							};
							com.apple.Maps.iOS = {
								enabled = 1;
							};
						};
					};
					4E3CE5251B44826800743BCD = {
						CreatedOnToolsVersion = 6.3.2;
						DevelopmentTeam = VRYW4TD62Q;
						TestTargetID = 4E3CE5101B44826800743BCD;
					};
				};
			};
			buildConfigurationList = 4E3CE50C1B44826800743BCD /* Build configuration list for PBXProject "ASKII" */;
			compatibilityVersion = "Xcode 3.2";
			developmentRegion = English;
			hasScannedForEncodings = 0;
			knownRegions = (
				en,
				Base,
			);
			mainGroup = 4E3CE5081B44826800743BCD;
			productRefGroup = 4E3CE5121B44826800743BCD /* Products */;
			projectDirPath = "";
			projectReferences = (
				{
					ProductGroup = 4EACBAA11B67EFA1005F6664 /* Products */;
					ProjectRef = 4EACBAA01B67EFA1005F6664 /* Quadrat.xcodeproj */;
				},
			);
			projectRoot = "";
			targets = (
				4E3CE5101B44826800743BCD /* ASKII */,
				4E3CE5251B44826800743BCD /* ASKIITests */,
			);
		};
/* End PBXProject section */

/* Begin PBXReferenceProxy section */
		4EACBAA61B67EFA1005F6664 /* Quadrat.framework */ = {
			isa = PBXReferenceProxy;
			fileType = wrapper.framework;
			path = Quadrat.framework;
			remoteRef = 4EACBAA51B67EFA1005F6664 /* PBXContainerItemProxy */;
			sourceTree = BUILT_PRODUCTS_DIR;
		};
		4EACBAA81B67EFA1005F6664 /* QuadratTouch.framework */ = {
			isa = PBXReferenceProxy;
			fileType = wrapper.framework;
			path = QuadratTouch.framework;
			remoteRef = 4EACBAA71B67EFA1005F6664 /* PBXContainerItemProxy */;
			sourceTree = BUILT_PRODUCTS_DIR;
		};
/* End PBXReferenceProxy section */

/* Begin PBXResourcesBuildPhase section */
		4E3CE50F1B44826800743BCD /* Resources */ = {
			isa = PBXResourcesBuildPhase;
			buildActionMask = 2147483647;
			files = (
				4E3CE51C1B44826800743BCD /* Main.storyboard in Resources */,
				4E3CE5211B44826800743BCD /* LaunchScreen.xib in Resources */,
				4E3CE51E1B44826800743BCD /* Images.xcassets in Resources */,
				4E52706E1B79489100C1C652 /* Gotham-Book.ttf in Resources */,
				4E05E41F1B95FFD40024A5EA /* .parse.project in Resources */,
				4E05E4211B95FFD40024A5EA /* index.html in Resources */,
				4E52706D1B79489100C1C652 /* Gotham-Black.ttf in Resources */,
				4E05E4201B95FFD40024A5EA /* main.js in Resources */,
				4E05E41E1B95FFD40024A5EA /* .parse.local in Resources */,
				CEADC43A1B59955A00A2EF3E /* NewQuestion.storyboard in Resources */,
			);
			runOnlyForDeploymentPostprocessing = 0;
		};
		4E3CE5241B44826800743BCD /* Resources */ = {
			isa = PBXResourcesBuildPhase;
			buildActionMask = 2147483647;
			files = (
			);
			runOnlyForDeploymentPostprocessing = 0;
		};
/* End PBXResourcesBuildPhase section */

/* Begin PBXShellScriptBuildPhase section */
		287F52854DC268AD554FF2B4 /* Copy Pods Resources */ = {
			isa = PBXShellScriptBuildPhase;
			buildActionMask = 2147483647;
			files = (
			);
			inputPaths = (
			);
			name = "Copy Pods Resources";
			outputPaths = (
			);
			runOnlyForDeploymentPostprocessing = 0;
			shellPath = /bin/sh;
			shellScript = "\"${SRCROOT}/Pods/Target Support Files/Pods-ASKII/Pods-ASKII-resources.sh\"\n";
			showEnvVarsInLog = 0;
		};
		733FF1BC7BA941EE79505435 /* Embed Pods Frameworks */ = {
			isa = PBXShellScriptBuildPhase;
			buildActionMask = 2147483647;
			files = (
			);
			inputPaths = (
			);
			name = "Embed Pods Frameworks";
			outputPaths = (
			);
			runOnlyForDeploymentPostprocessing = 0;
			shellPath = /bin/sh;
			shellScript = "\"${SRCROOT}/Pods/Target Support Files/Pods-ASKII/Pods-ASKII-frameworks.sh\"\n";
			showEnvVarsInLog = 0;
		};
		D8C09173F8C2A02568580BC8 /* Check Pods Manifest.lock */ = {
			isa = PBXShellScriptBuildPhase;
			buildActionMask = 2147483647;
			files = (
			);
			inputPaths = (
			);
			name = "Check Pods Manifest.lock";
			outputPaths = (
			);
			runOnlyForDeploymentPostprocessing = 0;
			shellPath = /bin/sh;
			shellScript = "diff \"${PODS_ROOT}/../Podfile.lock\" \"${PODS_ROOT}/Manifest.lock\" > /dev/null\nif [[ $? != 0 ]] ; then\n    cat << EOM\nerror: The sandbox is not in sync with the Podfile.lock. Run 'pod install' or update your CocoaPods installation.\nEOM\n    exit 1\nfi\n";
			showEnvVarsInLog = 0;
		};
/* End PBXShellScriptBuildPhase section */

/* Begin PBXSourcesBuildPhase section */
		4E3CE50D1B44826800743BCD /* Sources */ = {
			isa = PBXSourcesBuildPhase;
			buildActionMask = 2147483647;
			files = (
				4EF64CFB1B62B34100D979EB /* NewQuestionProtocol.swift in Sources */,
				4EA93DDF1B7AA71200A6392F /* Question.swift in Sources */,
				4EE9E8391B84EB1D00C989E8 /* Utility.swift in Sources */,
				4E05E4251B96084B0024A5EA /* LocationService.swift in Sources */,
				4E3CE5191B44826800743BCD /* ViewController.swift in Sources */,
				4E4F05411B7407CC000F6FB4 /* LocationProtocol.swift in Sources */,
				4ED527F71B9651FD0000CFC2 /* AppService.swift in Sources */,
				CEB2B6401B5B1F08001F83F4 /* SingleTableViewCell.swift in Sources */,
				CE7CE3D31B77AC510067778B /* TransitionManager.swift in Sources */,
				CEB2B63E1B5B129B001F83F4 /* SingleQuestionViewController.swift in Sources */,
				4E3CE5171B44826800743BCD /* AppDelegate.swift in Sources */,
				CEADC43C1B59A69700A2EF3E /* NewQuestionViewController.swift in Sources */,
				4EACBAAD1B67F118005F6664 /* Venues.swift in Sources */,
				4EA93DE61B7CFEC500A6392F /* QuestionDoneViewController.swift in Sources */,
				4E89F6871B5B516D002EAE7D /* LocationViewController.swift in Sources */,
				4E1B0A9E1B4B19CE00DD5576 /* QuestionsViewController.swift in Sources */,
				4E868C661B6883F70077AB67 /* Location.swift in Sources */,
				4E5270751B7A668600C1C652 /* QnADetailTableViewCell.swift in Sources */,
				4E05E4231B9602D20024A5EA /* UserLocation.swift in Sources */,
				4EE9E83C1B86279900C989E8 /* Comment.swift in Sources */,
				4EE9E8401B86623B00C989E8 /* QuestionService.swift in Sources */,
				CEB2B63B1B5AF626001F83F4 /* TableViewCell.swift in Sources */,
				4E4F053D1B73B9A6000F6FB4 /* SearchLocationViewController.swift in Sources */,
			);
			runOnlyForDeploymentPostprocessing = 0;
		};
		4E3CE5221B44826800743BCD /* Sources */ = {
			isa = PBXSourcesBuildPhase;
			buildActionMask = 2147483647;
			files = (
				4E3CE52D1B44826800743BCD /* ASKIITests.swift in Sources */,
			);
			runOnlyForDeploymentPostprocessing = 0;
		};
/* End PBXSourcesBuildPhase section */

/* Begin PBXTargetDependency section */
		4E3CE5281B44826800743BCD /* PBXTargetDependency */ = {
			isa = PBXTargetDependency;
			target = 4E3CE5101B44826800743BCD /* ASKII */;
			targetProxy = 4E3CE5271B44826800743BCD /* PBXContainerItemProxy */;
		};
		CE2B63AF1B70718C00B08FC0 /* PBXTargetDependency */ = {
			isa = PBXTargetDependency;
			name = QuadratTouch;
			targetProxy = CE2B63AE1B70718C00B08FC0 /* PBXContainerItemProxy */;
		};
/* End PBXTargetDependency section */

/* Begin PBXVariantGroup section */
		4E3CE51A1B44826800743BCD /* Main.storyboard */ = {
			isa = PBXVariantGroup;
			children = (
				4E3CE51B1B44826800743BCD /* Base */,
			);
			name = Main.storyboard;
			sourceTree = "<group>";
		};
		4E3CE51F1B44826800743BCD /* LaunchScreen.xib */ = {
			isa = PBXVariantGroup;
			children = (
				4E3CE5201B44826800743BCD /* Base */,
			);
			name = LaunchScreen.xib;
			sourceTree = "<group>";
		};
/* End PBXVariantGroup section */

/* Begin XCBuildConfiguration section */
		4E3CE52E1B44826800743BCD /* Debug */ = {
			isa = XCBuildConfiguration;
			buildSettings = {
				ALWAYS_SEARCH_USER_PATHS = NO;
				CLANG_CXX_LANGUAGE_STANDARD = "gnu++0x";
				CLANG_CXX_LIBRARY = "libc++";
				CLANG_ENABLE_MODULES = YES;
				CLANG_ENABLE_OBJC_ARC = YES;
				CLANG_WARN_BOOL_CONVERSION = YES;
				CLANG_WARN_CONSTANT_CONVERSION = YES;
				CLANG_WARN_DIRECT_OBJC_ISA_USAGE = YES_ERROR;
				CLANG_WARN_EMPTY_BODY = YES;
				CLANG_WARN_ENUM_CONVERSION = YES;
				CLANG_WARN_INT_CONVERSION = YES;
				CLANG_WARN_OBJC_ROOT_CLASS = YES_ERROR;
				CLANG_WARN_UNREACHABLE_CODE = YES;
				CLANG_WARN__DUPLICATE_METHOD_MATCH = YES;
				"CODE_SIGN_IDENTITY[sdk=iphoneos*]" = "Apple Development IOS Push Services: com.ja.ASKII";
				COPY_PHASE_STRIP = NO;
				DEBUG_INFORMATION_FORMAT = "dwarf-with-dsym";
				ENABLE_STRICT_OBJC_MSGSEND = YES;
				GCC_C_LANGUAGE_STANDARD = gnu99;
				GCC_DYNAMIC_NO_PIC = NO;
				GCC_NO_COMMON_BLOCKS = YES;
				GCC_OPTIMIZATION_LEVEL = 0;
				GCC_PREPROCESSOR_DEFINITIONS = (
					"DEBUG=1",
					"$(inherited)",
				);
				GCC_SYMBOLS_PRIVATE_EXTERN = NO;
				GCC_WARN_64_TO_32_BIT_CONVERSION = YES;
				GCC_WARN_ABOUT_RETURN_TYPE = YES_ERROR;
				GCC_WARN_UNDECLARED_SELECTOR = YES;
				GCC_WARN_UNINITIALIZED_AUTOS = YES_AGGRESSIVE;
				GCC_WARN_UNUSED_FUNCTION = YES;
				GCC_WARN_UNUSED_VARIABLE = YES;
				IPHONEOS_DEPLOYMENT_TARGET = 8.3;
				MTL_ENABLE_DEBUG_INFO = YES;
				ONLY_ACTIVE_ARCH = YES;
				"OTHER_LDFLAGS[arch=*]" = "-ObjC";
				PROVISIONING_PROFILE = "4536101e-36f4-4adc-a7e2-52f230e9ab8e";
				SDKROOT = iphoneos;
				SWIFT_OPTIMIZATION_LEVEL = "-Onone";
				TARGETED_DEVICE_FAMILY = "1,2";
			};
			name = Debug;
		};
		4E3CE52F1B44826800743BCD /* Release */ = {
			isa = XCBuildConfiguration;
			buildSettings = {
				ALWAYS_SEARCH_USER_PATHS = NO;
				CLANG_CXX_LANGUAGE_STANDARD = "gnu++0x";
				CLANG_CXX_LIBRARY = "libc++";
				CLANG_ENABLE_MODULES = YES;
				CLANG_ENABLE_OBJC_ARC = YES;
				CLANG_WARN_BOOL_CONVERSION = YES;
				CLANG_WARN_CONSTANT_CONVERSION = YES;
				CLANG_WARN_DIRECT_OBJC_ISA_USAGE = YES_ERROR;
				CLANG_WARN_EMPTY_BODY = YES;
				CLANG_WARN_ENUM_CONVERSION = YES;
				CLANG_WARN_INT_CONVERSION = YES;
				CLANG_WARN_OBJC_ROOT_CLASS = YES_ERROR;
				CLANG_WARN_UNREACHABLE_CODE = YES;
				CLANG_WARN__DUPLICATE_METHOD_MATCH = YES;
				"CODE_SIGN_IDENTITY[sdk=iphoneos*]" = "Apple Development IOS Push Services: com.ja.ASKII";
				COPY_PHASE_STRIP = NO;
				DEBUG_INFORMATION_FORMAT = "dwarf-with-dsym";
				ENABLE_NS_ASSERTIONS = NO;
				ENABLE_STRICT_OBJC_MSGSEND = YES;
				GCC_C_LANGUAGE_STANDARD = gnu99;
				GCC_NO_COMMON_BLOCKS = YES;
				GCC_WARN_64_TO_32_BIT_CONVERSION = YES;
				GCC_WARN_ABOUT_RETURN_TYPE = YES_ERROR;
				GCC_WARN_UNDECLARED_SELECTOR = YES;
				GCC_WARN_UNINITIALIZED_AUTOS = YES_AGGRESSIVE;
				GCC_WARN_UNUSED_FUNCTION = YES;
				GCC_WARN_UNUSED_VARIABLE = YES;
				IPHONEOS_DEPLOYMENT_TARGET = 8.3;
				MTL_ENABLE_DEBUG_INFO = NO;
				PROVISIONING_PROFILE = "4536101e-36f4-4adc-a7e2-52f230e9ab8e";
				SDKROOT = iphoneos;
				TARGETED_DEVICE_FAMILY = "1,2";
				VALIDATE_PRODUCT = YES;
			};
			name = Release;
		};
		4E3CE5311B44826800743BCD /* Debug */ = {
			isa = XCBuildConfiguration;
			baseConfigurationReference = 6AA53E53F04E31FB05347BC8 /* Pods-ASKII.debug.xcconfig */;
			buildSettings = {
				ASSETCATALOG_COMPILER_APPICON_NAME = AppIcon;
				CODE_SIGN_IDENTITY = "iPhone Developer";
				"CODE_SIGN_IDENTITY[sdk=iphoneos*]" = "iPhone Developer";
				FRAMEWORK_SEARCH_PATHS = (
					"$(inherited)",
					"$(PROJECT_DIR)",
				);
				INFOPLIST_FILE = ASKII/Info.plist;
				LD_RUNPATH_SEARCH_PATHS = "$(inherited) @executable_path/Frameworks";
				PRODUCT_NAME = "$(TARGET_NAME)";
				PROVISIONING_PROFILE = "";
			};
			name = Debug;
		};
		4E3CE5321B44826800743BCD /* Release */ = {
			isa = XCBuildConfiguration;
			baseConfigurationReference = 6ECC465071218FABC8109585 /* Pods-ASKII.release.xcconfig */;
			buildSettings = {
				ASSETCATALOG_COMPILER_APPICON_NAME = AppIcon;
				CODE_SIGN_IDENTITY = "iPhone Developer";
				"CODE_SIGN_IDENTITY[sdk=iphoneos*]" = "iPhone Developer";
				FRAMEWORK_SEARCH_PATHS = (
					"$(inherited)",
					"$(PROJECT_DIR)",
				);
				INFOPLIST_FILE = ASKII/Info.plist;
				LD_RUNPATH_SEARCH_PATHS = "$(inherited) @executable_path/Frameworks";
				PRODUCT_NAME = "$(TARGET_NAME)";
				PROVISIONING_PROFILE = "";
			};
			name = Release;
		};
		4E3CE5341B44826800743BCD /* Debug */ = {
			isa = XCBuildConfiguration;
			buildSettings = {
				BUNDLE_LOADER = "$(TEST_HOST)";
				CODE_SIGN_IDENTITY = "iPhone Developer";
				"CODE_SIGN_IDENTITY[sdk=iphoneos*]" = "iPhone Developer";
				FRAMEWORK_SEARCH_PATHS = (
					"$(SDKROOT)/Developer/Library/Frameworks",
					"$(inherited)",
				);
				GCC_PREPROCESSOR_DEFINITIONS = (
					"DEBUG=1",
					"$(inherited)",
				);
				INFOPLIST_FILE = ASKIITests/Info.plist;
				LD_RUNPATH_SEARCH_PATHS = "$(inherited) @executable_path/Frameworks @loader_path/Frameworks";
				PRODUCT_NAME = "$(TARGET_NAME)";
				PROVISIONING_PROFILE = "";
				TEST_HOST = "$(BUILT_PRODUCTS_DIR)/ASKII.app/ASKII";
			};
			name = Debug;
		};
		4E3CE5351B44826800743BCD /* Release */ = {
			isa = XCBuildConfiguration;
			buildSettings = {
				BUNDLE_LOADER = "$(TEST_HOST)";
				CODE_SIGN_IDENTITY = "iPhone Developer";
				"CODE_SIGN_IDENTITY[sdk=iphoneos*]" = "iPhone Developer";
				FRAMEWORK_SEARCH_PATHS = (
					"$(SDKROOT)/Developer/Library/Frameworks",
					"$(inherited)",
				);
				INFOPLIST_FILE = ASKIITests/Info.plist;
				LD_RUNPATH_SEARCH_PATHS = "$(inherited) @executable_path/Frameworks @loader_path/Frameworks";
				PRODUCT_NAME = "$(TARGET_NAME)";
				PROVISIONING_PROFILE = "";
				TEST_HOST = "$(BUILT_PRODUCTS_DIR)/ASKII.app/ASKII";
			};
			name = Release;
		};
/* End XCBuildConfiguration section */

/* Begin XCConfigurationList section */
		4E3CE50C1B44826800743BCD /* Build configuration list for PBXProject "ASKII" */ = {
			isa = XCConfigurationList;
			buildConfigurations = (
				4E3CE52E1B44826800743BCD /* Debug */,
				4E3CE52F1B44826800743BCD /* Release */,
			);
			defaultConfigurationIsVisible = 0;
			defaultConfigurationName = Release;
		};
		4E3CE5301B44826800743BCD /* Build configuration list for PBXNativeTarget "ASKII" */ = {
			isa = XCConfigurationList;
			buildConfigurations = (
				4E3CE5311B44826800743BCD /* Debug */,
				4E3CE5321B44826800743BCD /* Release */,
			);
			defaultConfigurationIsVisible = 0;
			defaultConfigurationName = Release;
		};
		4E3CE5331B44826800743BCD /* Build configuration list for PBXNativeTarget "ASKIITests" */ = {
			isa = XCConfigurationList;
			buildConfigurations = (
				4E3CE5341B44826800743BCD /* Debug */,
				4E3CE5351B44826800743BCD /* Release */,
			);
			defaultConfigurationIsVisible = 0;
			defaultConfigurationName = Release;
		};
/* End XCConfigurationList section */
	};
	rootObject = 4E3CE5091B44826800743BCD /* Project object */;
}
